
Microsoft Visual Studio Solution File, Format Version 12.00
# Visual Studio Version 17
VisualStudioVersion = 17.8.34322.80
MinimumVisualStudioVersion = 10.0.40219.1
Project("{FAE04EC0-301F-11D3-BF4B-00C04F79EFBC}") = "ATM-Dispensing-Modes", "ATM-Dispensing-Modes\ATM-Dispensing-Modes.csproj", "{19163CE1-FB6A-42CA-A254-90ECC8E516B2}"
EndProject
Project("{FAE04EC0-301F-11D3-BF4B-00C04F79EFBC}") = "Application", "Application\Application.csproj", "{EF9B3966-C8D2-44AA-8AB2-1A00E5E0B50C}"
EndProject
Global
	GlobalSection(SolutionConfigurationPlatforms) = preSolution
		Debug|Any CPU = Debug|Any CPU
		Release|Any CPU = Release|Any CPU
	EndGlobalSection
	GlobalSection(ProjectConfigurationPlatforms) = postSolution
		{19163CE1-FB6A-42CA-A254-90ECC8E516B2}.Debug|Any CPU.ActiveCfg = Debug|Any CPU
		{19163CE1-FB6A-42CA-A254-90ECC8E516B2}.Debug|Any CPU.Build.0 = Debug|Any CPU
		{19163CE1-FB6A-42CA-A254-90ECC8E516B2}.Release|Any CPU.ActiveCfg = Release|Any CPU
		{19163CE1-FB6A-42CA-A254-90ECC8E516B2}.Release|Any CPU.Build.0 = Release|Any CPU
		{EF9B3966-C8D2-44AA-8AB2-1A00E5E0B50C}.Debug|Any CPU.ActiveCfg = Debug|Any CPU
		{EF9B3966-C8D2-44AA-8AB2-1A00E5E0B50C}.Debug|Any CPU.Build.0 = Debug|Any CPU
		{EF9B3966-C8D2-44AA-8AB2-1A00E5E0B50C}.Release|Any CPU.ActiveCfg = Release|Any CPU
		{EF9B3966-C8D2-44AA-8AB2-1A00E5E0B50C}.Release|Any CPU.Build.0 = Release|Any CPU
	EndGlobalSection
	GlobalSection(SolutionProperties) = preSolution
		HideSolutionNode = FALSE
	EndGlobalSection
	GlobalSection(ExtensibilityGlobals) = postSolution
		SolutionGuid = {1E018C9C-C56B-4DC6-8C04-C0CE031F4938}
	EndGlobalSection
EndGlobal
